<?xml version="1.0" encoding="utf-8"?>
<Project ToolsVersion="4.0" xmlns="http://schemas.microsoft.com/developer/msbuild/2003">
  <ItemGroup>
    <Filter Include="Source Files">
      <UniqueIdentifier>{4FC737F1-C7A5-4376-A066-2A32D752A2FF}</UniqueIdentifier>
      <Extensions>cpp;c;cc;cxx;c++;cppm;ixx;def;odl;idl;hpj;bat;asm;asmx</Extensions>
    </Filter>
    <Filter Include="Header Files">
      <UniqueIdentifier>{93995380-89BD-4b04-88EB-625FBE52EBFB}</UniqueIdentifier>
      <Extensions>h;hh;hpp;hxx;h++;hm;inl;inc;ipp;xsd</Extensions>
    </Filter>
    <Filter Include="Resource Files">
      <UniqueIdentifier>{67DA6AB6-F800-4c08-8B7A-83BB121AAD01}</UniqueIdentifier>
      <Extensions>rc;ico;cur;bmp;dlg;rc2;rct;bin;rgs;gif;jpg;jpeg;jpe;resx;tiff;tif;png;wav;mfcribbon-ms</Extensions>
    </Filter>
  </ItemGroup>
  <ItemGroup>
    <ClCompile Include="Home.cpp">
      <Filter>Source Files</Filter>
    </ClCompile>
    <ClCompile Include="UserProfile.cpp">
      <Filter>Source Files</Filter>
    </ClCompile>
    <ClCompile Include="LinkedList.cpp">
      <Filter>Source Files</Filter>
    </ClCompile>
    <ClCompile Include="ColorWheel.cpp">
      <Filter>Source Files</Filter>
    </ClCompile>
    <ClCompile Include="selectionScreen.cpp">
      <Filter>Source Files</Filter>
    </ClCompile>
    <ClCompile Include="userLinkedList.cpp">
      <Filter>Source Files</Filter>
    </ClCompile>
    <ClCompile Include="ColorPhoto.cpp">
      <Filter>Source Files</Filter>
    </ClCompile>
    <ClCompile Include="loginScreen.cpp">
      <Filter>Source Files</Filter>
    </ClCompile>
  </ItemGroup>
  <ItemGroup>
    <ClInclude Include="Home.h">
      <Filter>Header Files</Filter>
    </ClInclude>
    <ClInclude Include="LinkedList.h">
      <Filter>Header Files</Filter>
    </ClInclude>
    <ClInclude Include="DesiredColors.h">
      <Filter>Header Files</Filter>
    </ClInclude>
    <ClInclude Include="OwnedColors.h">
      <Filter>Header Files</Filter>
    </ClInclude>
    <ClInclude Include="Colors.h">
      <Filter>Header Files</Filter>
    </ClInclude>
    <ClInclude Include="ColorObject.h">
      <Filter>Header Files</Filter>
    </ClInclude>
    <ClInclude Include="AddOwnedPaints.h">
      <Filter>Header Files</Filter>
    </ClInclude>
    <ClInclude Include="ColorWheel.h">
      <Filter>Header Files</Filter>
    </ClInclude>
    <ClInclude Include="loginScreen.h">
      <Filter>Header Files</Filter>
    </ClInclude>
    <ClInclude Include="selectionScreen.h">
      <Filter>Header Files</Filter>
    </ClInclude>
    <ClInclude Include="registrationScreen.h">
      <Filter>Header Files</Filter>
    </ClInclude>
    <ClInclude Include="userLinkedList.h">
      <Filter>Header Files</Filter>
    </ClInclude>
    <ClInclude Include="ColorPhoto.h">
      <Filter>Header Files</Filter>
    </ClInclude>
    <ClInclude Include="ColorPhotoAdd.h">
      <Filter>Header Files</Filter>
    </ClInclude>
    <ClInclude Include="PaintOnObject.h">
      <Filter>Header Files</Filter>
    </ClInclude>
    <ClInclude Include="resource.h">
      <Filter>Header Files</Filter>
    </ClInclude>
  </ItemGroup>
  <ItemGroup>
    <Image Include="702-7020558_color-wheel-hd-png-download.png">
      <Filter>Resource Files</Filter>
    </Image>
    <Image Include="chair.png">
      <Filter>Resource Files</Filter>
    </Image>
    <Image Include="chairS.png">
      <Filter>Resource Files</Filter>
    </Image>
    <Image Include="LeftRedwall.bmp">
      <Filter>Resource Files</Filter>
    </Image>
    <Image Include="middleRedwall.bmp">
      <Filter>Resource Files</Filter>
    </Image>
    <Image Include="rightRedwall.bmp">
      <Filter>Resource Files</Filter>
    </Image>
    <Image Include="whitewall1.bmp">
      <Filter>Resource Files</Filter>
    </Image>
    <Image Include="whitewall2.bmp">
      <Filter>Resource Files</Filter>
    </Image>
    <Image Include="backPackBMP.png">
      <Filter>Resource Files</Filter>
    </Image>
    <Image Include="doorBMP.png">
      <Filter>Resource Files</Filter>
    </Image>
    <Image Include="spectrum_chart.bmp">
      <Filter>Resource Files</Filter>
    </Image>
    <Image Include="TableBMP.png">
      <Filter>Resource Files</Filter>
    </Image>
    <Image Include="vase_wow_crzy.png">
      <Filter>Resource Files</Filter>
    </Image>
  </ItemGroup>
  <ItemGroup>
    <ResourceCompile Include="DDDJFinalProject.rc">
      <Filter>Resource Files</Filter>
    </ResourceCompile>
  </ItemGroup>
</Project>